// !$*UTF8*$!
{
	archiveVersion = 1;
	classes = {
	};
	objectVersion = 51;
	objects = {

/* Begin PBXBuildFile section */
		02E6D3FE79BC78B0887A2277 /* Pods_WeatherZoneTests.framework in Frameworks */ = {isa = PBXBuildFile; fileRef = 96FDC149325AEFC3D6790D59 /* Pods_WeatherZoneTests.framework */; };
		0423E7F322F98C2B0084B4A4 /* AnimationViewController.swift in Sources */ = {isa = PBXBuildFile; fileRef = 0423E7F222F98C2B0084B4A4 /* AnimationViewController.swift */; };
		0423E7FB22F997E20084B4A4 /* programmingAnimation.json in Resources */ = {isa = PBXBuildFile; fileRef = 0423E7FA22F997E20084B4A4 /* programmingAnimation.json */; };
		0434CFC422FFE53200555789 /* WeatherDetailTableViewCell.swift in Sources */ = {isa = PBXBuildFile; fileRef = 0434CFC322FFE53200555789 /* WeatherDetailTableViewCell.swift */; };
		0434CFC722FFE58F00555789 /* DetailModel.swift in Sources */ = {isa = PBXBuildFile; fileRef = 0434CFC622FFE58F00555789 /* DetailModel.swift */; };
		0434CFCA22FFE7CD00555789 /* WeatherDetailViewModel.swift in Sources */ = {isa = PBXBuildFile; fileRef = 0434CFC922FFE7CD00555789 /* WeatherDetailViewModel.swift */; };
		0434CFCC22FFE7DC00555789 /* WeatherDetailDelegate.swift in Sources */ = {isa = PBXBuildFile; fileRef = 0434CFCB22FFE7DC00555789 /* WeatherDetailDelegate.swift */; };
		0434CFCE22FFE93400555789 /* WeatherDetail.swift in Sources */ = {isa = PBXBuildFile; fileRef = 0434CFCD22FFE93400555789 /* WeatherDetail.swift */; };
		0434CFD022FFF9D100555789 /* detailList.json in Resources */ = {isa = PBXBuildFile; fileRef = 0434CFCF22FFF9D100555789 /* detailList.json */; };
		0434CFD222FFFC6000555789 /* DetailListHandler.swift in Sources */ = {isa = PBXBuildFile; fileRef = 0434CFD122FFFC6000555789 /* DetailListHandler.swift */; };
		0434CFD422FFFC7A00555789 /* DetailListHandlerProtocol.swift in Sources */ = {isa = PBXBuildFile; fileRef = 0434CFD322FFFC7A00555789 /* DetailListHandlerProtocol.swift */; };
		0434CFD62300044000555789 /* SysModel.swift in Sources */ = {isa = PBXBuildFile; fileRef = 0434CFD52300044000555789 /* SysModel.swift */; };
		0434CFD8230009A100555789 /* WindModel.swift in Sources */ = {isa = PBXBuildFile; fileRef = 0434CFD7230009A100555789 /* WindModel.swift */; };
		043A31DD22FECE6700A4410E /* UITableView+Extensions.swift in Sources */ = {isa = PBXBuildFile; fileRef = 043A31DC22FECE6700A4410E /* UITableView+Extensions.swift */; };
		043B837722F5B6A1003707F5 /* ColourConstant.swift in Sources */ = {isa = PBXBuildFile; fileRef = 043B837622F5B6A1003707F5 /* ColourConstant.swift */; };
		043B837922F5BE10003707F5 /* MainModel.swift in Sources */ = {isa = PBXBuildFile; fileRef = 043B837822F5BE10003707F5 /* MainModel.swift */; };
		043B837B22F5C5B0003707F5 /* WeatherZoneUITests.swift in Sources */ = {isa = PBXBuildFile; fileRef = AFC972C722AE89DB006BE3DB /* WeatherZoneUITests.swift */; };
		044A995722F8428900556E1C /* CitySearchViewModelTests.swift in Sources */ = {isa = PBXBuildFile; fileRef = 044A995622F8428900556E1C /* CitySearchViewModelTests.swift */; };
		0462C2AD22FAFE0D00893818 /* AnimationViewModel.swift in Sources */ = {isa = PBXBuildFile; fileRef = 0462C2AC22FAFE0D00893818 /* AnimationViewModel.swift */; };
		0462C2AF22FAFE1C00893818 /* AnimationViewModelProtocol.swift in Sources */ = {isa = PBXBuildFile; fileRef = 0462C2AE22FAFE1C00893818 /* AnimationViewModelProtocol.swift */; };
		049B735E22FD9DA6000A7F94 /* WeatherDetailViewController.swift in Sources */ = {isa = PBXBuildFile; fileRef = 049B735D22FD9DA6000A7F94 /* WeatherDetailViewController.swift */; };
		04B6391222FC53D30041FB0D /* UIAlertControllerExtension.swift in Sources */ = {isa = PBXBuildFile; fileRef = 04B6391022FC53D30041FB0D /* UIAlertControllerExtension.swift */; };
		04B6391322FC53D30041FB0D /* UIViewControllerExtension.swift in Sources */ = {isa = PBXBuildFile; fileRef = 04B6391122FC53D30041FB0D /* UIViewControllerExtension.swift */; };
		04B6391522FC54030041FB0D /* AlertAction.swift in Sources */ = {isa = PBXBuildFile; fileRef = 04B6391422FC54010041FB0D /* AlertAction.swift */; };
		04D67FF022FD66EE006F8FBD /* AnimationViewModelTests.swift in Sources */ = {isa = PBXBuildFile; fileRef = 04D67FEF22FD66EE006F8FBD /* AnimationViewModelTests.swift */; };
		04F00B7922F6A3A600E80557 /* CitySearchViewController.swift in Sources */ = {isa = PBXBuildFile; fileRef = 04F00B7822F6A3A600E80557 /* CitySearchViewController.swift */; };
		04F00B7C22F6A6F200E80557 /* CitySearchViewModel.swift in Sources */ = {isa = PBXBuildFile; fileRef = 04F00B7B22F6A6F200E80557 /* CitySearchViewModel.swift */; };
		04F00B7E22F6A72900E80557 /* CitySearchViewModelProtocol.swift in Sources */ = {isa = PBXBuildFile; fileRef = 04F00B7D22F6A72900E80557 /* CitySearchViewModelProtocol.swift */; };
		04F00B8422F6AC5500E80557 /* cityList.json in Resources */ = {isa = PBXBuildFile; fileRef = 04F00B8322F6AC5500E80557 /* cityList.json */; };
		398BBD333A47BA63E4F4FC36 /* Pods_WeatherZone.framework in Frameworks */ = {isa = PBXBuildFile; fileRef = 3B3640B4400B7B9634ADDEAC /* Pods_WeatherZone.framework */; };
		718A248C600CF2421C1B6856 /* Pods_WeatherZoneUITests.framework in Frameworks */ = {isa = PBXBuildFile; fileRef = 1CF02BE66B39894B24392010 /* Pods_WeatherZoneUITests.framework */; };
		AF1BD0FC22B7891800088403 /* WeatherViewModel.swift in Sources */ = {isa = PBXBuildFile; fileRef = AF1BD0FB22B7891800088403 /* WeatherViewModel.swift */; };
		AF1BD0FE22B7894100088403 /* WeatherViewModelProtocol.swift in Sources */ = {isa = PBXBuildFile; fileRef = AF1BD0FD22B7894100088403 /* WeatherViewModelProtocol.swift */; };
		AF1F865122BC5ADA00303C5B /* CityWeatherModel.swift in Sources */ = {isa = PBXBuildFile; fileRef = AF1F865022BC5ADA00303C5B /* CityWeatherModel.swift */; };
		AF1F865522BC75DF00303C5B /* app_icon.png in Resources */ = {isa = PBXBuildFile; fileRef = AF1F865422BC75DF00303C5B /* app_icon.png */; };
		AF1F880022D6C1AA00157F5A /* WeatherViewModelTests.swift in Sources */ = {isa = PBXBuildFile; fileRef = AF1F87FF22D6C1AA00157F5A /* WeatherViewModelTests.swift */; };
		AF334FA322BBBA9D00413DBA /* CityListModel.swift in Sources */ = {isa = PBXBuildFile; fileRef = AF334FA222BBBA9D00413DBA /* CityListModel.swift */; };
		AF334FA622BBBAE800413DBA /* Coord.swift in Sources */ = {isa = PBXBuildFile; fileRef = AF334FA522BBBAE800413DBA /* Coord.swift */; };
		AF334FA922BBBB3F00413DBA /* CityListViewModel.swift in Sources */ = {isa = PBXBuildFile; fileRef = AF334FA822BBBB3F00413DBA /* CityListViewModel.swift */; };
		AF334FAB22BBBB6100413DBA /* CityListViewModelProtocol.swift in Sources */ = {isa = PBXBuildFile; fileRef = AF334FAA22BBBB6100413DBA /* CityListViewModelProtocol.swift */; };
		AF334FAD22BBBC0900413DBA /* CityListHandler.swift in Sources */ = {isa = PBXBuildFile; fileRef = AF334FAC22BBBC0900413DBA /* CityListHandler.swift */; };
		AF334FAF22BBBC2300413DBA /* CityListHandlerProtocol.swift in Sources */ = {isa = PBXBuildFile; fileRef = AF334FAE22BBBC2300413DBA /* CityListHandlerProtocol.swift */; };
		AF334FB322BBC76900413DBA /* CityListTableViewCell.swift in Sources */ = {isa = PBXBuildFile; fileRef = AF334FB222BBC76900413DBA /* CityListTableViewCell.swift */; };
		AF567B8122D415D4006EB878 /* MaterializedSequenceResult.swift in Sources */ = {isa = PBXBuildFile; fileRef = AF567B8022D415D4006EB878 /* MaterializedSequenceResult.swift */; };
		AF567B8322D415F0006EB878 /* MockData.swift in Sources */ = {isa = PBXBuildFile; fileRef = AF567B8222D415F0006EB878 /* MockData.swift */; };
		AF567B8522D4160E006EB878 /* ManualMocks.swift in Sources */ = {isa = PBXBuildFile; fileRef = AF567B8422D4160E006EB878 /* ManualMocks.swift */; };
		AF567B8722D41694006EB878 /* CityListViewModelTests.swift in Sources */ = {isa = PBXBuildFile; fileRef = AF567B8622D41694006EB878 /* CityListViewModelTests.swift */; };
		AFBF708122BB0EF200629344 /* GetWeatherHandler.swift in Sources */ = {isa = PBXBuildFile; fileRef = AFBF708022BB0EF200629344 /* GetWeatherHandler.swift */; };
		AFBF708322BB0F5A00629344 /* GetWeatherHandlerProtocol.swift in Sources */ = {isa = PBXBuildFile; fileRef = AFBF708222BB0F5A00629344 /* GetWeatherHandlerProtocol.swift */; };
		AFBF708622BB20E600629344 /* WeatherTableViewController.swift in Sources */ = {isa = PBXBuildFile; fileRef = AFBF708522BB20E600629344 /* WeatherTableViewController.swift */; };
		AFBF708E22BBB76F00629344 /* StartCity.json in Resources */ = {isa = PBXBuildFile; fileRef = AFBF708D22BBB76F00629344 /* StartCity.json */; };
		AFC21A4C22BF50570032FC1D /* GeneratedMocks.swift in Sources */ = {isa = PBXBuildFile; fileRef = AFC21A4B22BF50570032FC1D /* GeneratedMocks.swift */; };
		AFC972A522AE89D9006BE3DB /* AppDelegate.swift in Sources */ = {isa = PBXBuildFile; fileRef = AFC972A422AE89D9006BE3DB /* AppDelegate.swift */; };
		AFC972AA22AE89D9006BE3DB /* Main.storyboard in Resources */ = {isa = PBXBuildFile; fileRef = AFC972A822AE89D9006BE3DB /* Main.storyboard */; };
		AFC972AD22AE89D9006BE3DB /* WeatherZone.xcdatamodeld in Sources */ = {isa = PBXBuildFile; fileRef = AFC972AB22AE89D9006BE3DB /* WeatherZone.xcdatamodeld */; };
		AFC972AF22AE89DB006BE3DB /* Assets.xcassets in Resources */ = {isa = PBXBuildFile; fileRef = AFC972AE22AE89DB006BE3DB /* Assets.xcassets */; };
		AFC972B222AE89DB006BE3DB /* LaunchScreen.storyboard in Resources */ = {isa = PBXBuildFile; fileRef = AFC972B022AE89DB006BE3DB /* LaunchScreen.storyboard */; };
		AFC972BD22AE89DB006BE3DB /* WeatherZoneTests.swift in Sources */ = {isa = PBXBuildFile; fileRef = AFC972BC22AE89DB006BE3DB /* WeatherZoneTests.swift */; };
		AFC972D622AE8B87006BE3DB /* .gitignore in Resources */ = {isa = PBXBuildFile; fileRef = AFC972D522AE8B87006BE3DB /* .gitignore */; };
		AFC972D822AE8BA1006BE3DB /* .swiftlint.yml in Resources */ = {isa = PBXBuildFile; fileRef = AFC972D722AE8BA1006BE3DB /* .swiftlint.yml */; };
		AFC972DF22AE903F006BE3DB /* WeatherResult.swift in Sources */ = {isa = PBXBuildFile; fileRef = AFC972DE22AE903F006BE3DB /* WeatherResult.swift */; };
		AFC972E122AE904E006BE3DB /* Weather.swift in Sources */ = {isa = PBXBuildFile; fileRef = AFC972E022AE904E006BE3DB /* Weather.swift */; };
		AFC972E322AE90CA006BE3DB /* URLRequest+Extensions.swift in Sources */ = {isa = PBXBuildFile; fileRef = AFC972E222AE90CA006BE3DB /* URLRequest+Extensions.swift */; };
		AFC972E522AE90E0006BE3DB /* URL+Extensions.swift in Sources */ = {isa = PBXBuildFile; fileRef = AFC972E422AE90E0006BE3DB /* URL+Extensions.swift */; };
		AFC972E822AE9461006BE3DB /* WeatherViewController.swift in Sources */ = {isa = PBXBuildFile; fileRef = AFC972E722AE9461006BE3DB /* WeatherViewController.swift */; };
/* End PBXBuildFile section */

/* Begin PBXContainerItemProxy section */
		AFC972B922AE89DB006BE3DB /* PBXContainerItemProxy */ = {
			isa = PBXContainerItemProxy;
			containerPortal = AFC9729922AE89D9006BE3DB /* Project object */;
			proxyType = 1;
			remoteGlobalIDString = AFC972A022AE89D9006BE3DB;
			remoteInfo = WeatherZone;
		};
		AFC972C422AE89DB006BE3DB /* PBXContainerItemProxy */ = {
			isa = PBXContainerItemProxy;
			containerPortal = AFC9729922AE89D9006BE3DB /* Project object */;
			proxyType = 1;
			remoteGlobalIDString = AFC972A022AE89D9006BE3DB;
			remoteInfo = WeatherZone;
		};
/* End PBXContainerItemProxy section */

/* Begin PBXFileReference section */
		0423E7F222F98C2B0084B4A4 /* AnimationViewController.swift */ = {isa = PBXFileReference; lastKnownFileType = sourcecode.swift; path = AnimationViewController.swift; sourceTree = "<group>"; };
		0423E7FA22F997E20084B4A4 /* programmingAnimation.json */ = {isa = PBXFileReference; fileEncoding = 4; lastKnownFileType = text.json; path = programmingAnimation.json; sourceTree = "<group>"; };
		0434CFC322FFE53200555789 /* WeatherDetailTableViewCell.swift */ = {isa = PBXFileReference; lastKnownFileType = sourcecode.swift; path = WeatherDetailTableViewCell.swift; sourceTree = "<group>"; };
		0434CFC622FFE58F00555789 /* DetailModel.swift */ = {isa = PBXFileReference; lastKnownFileType = sourcecode.swift; path = DetailModel.swift; sourceTree = "<group>"; };
		0434CFC922FFE7CD00555789 /* WeatherDetailViewModel.swift */ = {isa = PBXFileReference; lastKnownFileType = sourcecode.swift; path = WeatherDetailViewModel.swift; sourceTree = "<group>"; };
		0434CFCB22FFE7DC00555789 /* WeatherDetailDelegate.swift */ = {isa = PBXFileReference; lastKnownFileType = sourcecode.swift; path = WeatherDetailDelegate.swift; sourceTree = "<group>"; };
		0434CFCD22FFE93400555789 /* WeatherDetail.swift */ = {isa = PBXFileReference; lastKnownFileType = sourcecode.swift; path = WeatherDetail.swift; sourceTree = "<group>"; };
		0434CFCF22FFF9D100555789 /* detailList.json */ = {isa = PBXFileReference; lastKnownFileType = text.json; path = detailList.json; sourceTree = "<group>"; };
		0434CFD122FFFC6000555789 /* DetailListHandler.swift */ = {isa = PBXFileReference; lastKnownFileType = sourcecode.swift; path = DetailListHandler.swift; sourceTree = "<group>"; };
		0434CFD322FFFC7A00555789 /* DetailListHandlerProtocol.swift */ = {isa = PBXFileReference; lastKnownFileType = sourcecode.swift; path = DetailListHandlerProtocol.swift; sourceTree = "<group>"; };
		0434CFD52300044000555789 /* SysModel.swift */ = {isa = PBXFileReference; lastKnownFileType = sourcecode.swift; path = SysModel.swift; sourceTree = "<group>"; };
		0434CFD7230009A100555789 /* WindModel.swift */ = {isa = PBXFileReference; lastKnownFileType = sourcecode.swift; path = WindModel.swift; sourceTree = "<group>"; };
		043A31DC22FECE6700A4410E /* UITableView+Extensions.swift */ = {isa = PBXFileReference; lastKnownFileType = sourcecode.swift; path = "UITableView+Extensions.swift"; sourceTree = "<group>"; };
		043B837622F5B6A1003707F5 /* ColourConstant.swift */ = {isa = PBXFileReference; lastKnownFileType = sourcecode.swift; path = ColourConstant.swift; sourceTree = "<group>"; };
		043B837822F5BE10003707F5 /* MainModel.swift */ = {isa = PBXFileReference; lastKnownFileType = sourcecode.swift; path = MainModel.swift; sourceTree = "<group>"; };
		044A995622F8428900556E1C /* CitySearchViewModelTests.swift */ = {isa = PBXFileReference; lastKnownFileType = sourcecode.swift; path = CitySearchViewModelTests.swift; sourceTree = "<group>"; };
		0462C2AC22FAFE0D00893818 /* AnimationViewModel.swift */ = {isa = PBXFileReference; lastKnownFileType = sourcecode.swift; path = AnimationViewModel.swift; sourceTree = "<group>"; };
		0462C2AE22FAFE1C00893818 /* AnimationViewModelProtocol.swift */ = {isa = PBXFileReference; lastKnownFileType = sourcecode.swift; path = AnimationViewModelProtocol.swift; sourceTree = "<group>"; };
		049B735D22FD9DA6000A7F94 /* WeatherDetailViewController.swift */ = {isa = PBXFileReference; lastKnownFileType = sourcecode.swift; path = WeatherDetailViewController.swift; sourceTree = "<group>"; };
		04B6391022FC53D30041FB0D /* UIAlertControllerExtension.swift */ = {isa = PBXFileReference; fileEncoding = 4; lastKnownFileType = sourcecode.swift; path = UIAlertControllerExtension.swift; sourceTree = "<group>"; };
		04B6391122FC53D30041FB0D /* UIViewControllerExtension.swift */ = {isa = PBXFileReference; fileEncoding = 4; lastKnownFileType = sourcecode.swift; path = UIViewControllerExtension.swift; sourceTree = "<group>"; };
		04B6391422FC54010041FB0D /* AlertAction.swift */ = {isa = PBXFileReference; fileEncoding = 4; lastKnownFileType = sourcecode.swift; path = AlertAction.swift; sourceTree = "<group>"; };
		04D67FEF22FD66EE006F8FBD /* AnimationViewModelTests.swift */ = {isa = PBXFileReference; lastKnownFileType = sourcecode.swift; path = AnimationViewModelTests.swift; sourceTree = "<group>"; };
		04F00B7822F6A3A600E80557 /* CitySearchViewController.swift */ = {isa = PBXFileReference; lastKnownFileType = sourcecode.swift; path = CitySearchViewController.swift; sourceTree = "<group>"; };
		04F00B7B22F6A6F200E80557 /* CitySearchViewModel.swift */ = {isa = PBXFileReference; lastKnownFileType = sourcecode.swift; path = CitySearchViewModel.swift; sourceTree = "<group>"; };
		04F00B7D22F6A72900E80557 /* CitySearchViewModelProtocol.swift */ = {isa = PBXFileReference; lastKnownFileType = sourcecode.swift; path = CitySearchViewModelProtocol.swift; sourceTree = "<group>"; };
		04F00B8322F6AC5500E80557 /* cityList.json */ = {isa = PBXFileReference; fileEncoding = 4; lastKnownFileType = text.json; path = cityList.json; sourceTree = "<group>"; };
		1CF02BE66B39894B24392010 /* Pods_WeatherZoneUITests.framework */ = {isa = PBXFileReference; explicitFileType = wrapper.framework; includeInIndex = 0; path = Pods_WeatherZoneUITests.framework; sourceTree = BUILT_PRODUCTS_DIR; };
		3B3640B4400B7B9634ADDEAC /* Pods_WeatherZone.framework */ = {isa = PBXFileReference; explicitFileType = wrapper.framework; includeInIndex = 0; path = Pods_WeatherZone.framework; sourceTree = BUILT_PRODUCTS_DIR; };
		54E5FDE8B93DCB8BEF10E299 /* Pods-WeatherZoneTests.debug.xcconfig */ = {isa = PBXFileReference; includeInIndex = 1; lastKnownFileType = text.xcconfig; name = "Pods-WeatherZoneTests.debug.xcconfig"; path = "Target Support Files/Pods-WeatherZoneTests/Pods-WeatherZoneTests.debug.xcconfig"; sourceTree = "<group>"; };
		5A5EFE70FBAF5C79A44BA6A5 /* Pods-WeatherZoneTests.release.xcconfig */ = {isa = PBXFileReference; includeInIndex = 1; lastKnownFileType = text.xcconfig; name = "Pods-WeatherZoneTests.release.xcconfig"; path = "Target Support Files/Pods-WeatherZoneTests/Pods-WeatherZoneTests.release.xcconfig"; sourceTree = "<group>"; };
		78152DA04D30F036A845E333 /* Pods-WeatherZone.release.xcconfig */ = {isa = PBXFileReference; includeInIndex = 1; lastKnownFileType = text.xcconfig; name = "Pods-WeatherZone.release.xcconfig"; path = "Target Support Files/Pods-WeatherZone/Pods-WeatherZone.release.xcconfig"; sourceTree = "<group>"; };
		96FDC149325AEFC3D6790D59 /* Pods_WeatherZoneTests.framework */ = {isa = PBXFileReference; explicitFileType = wrapper.framework; includeInIndex = 0; path = Pods_WeatherZoneTests.framework; sourceTree = BUILT_PRODUCTS_DIR; };
		AF1BD0FB22B7891800088403 /* WeatherViewModel.swift */ = {isa = PBXFileReference; lastKnownFileType = sourcecode.swift; path = WeatherViewModel.swift; sourceTree = "<group>"; };
		AF1BD0FD22B7894100088403 /* WeatherViewModelProtocol.swift */ = {isa = PBXFileReference; lastKnownFileType = sourcecode.swift; path = WeatherViewModelProtocol.swift; sourceTree = "<group>"; };
		AF1F865022BC5ADA00303C5B /* CityWeatherModel.swift */ = {isa = PBXFileReference; lastKnownFileType = sourcecode.swift; path = CityWeatherModel.swift; sourceTree = "<group>"; };
		AF1F865422BC75DF00303C5B /* app_icon.png */ = {isa = PBXFileReference; lastKnownFileType = image.png; path = app_icon.png; sourceTree = "<group>"; };
		AF1F87FF22D6C1AA00157F5A /* WeatherViewModelTests.swift */ = {isa = PBXFileReference; lastKnownFileType = sourcecode.swift; path = WeatherViewModelTests.swift; sourceTree = "<group>"; };
		AF334FA222BBBA9D00413DBA /* CityListModel.swift */ = {isa = PBXFileReference; lastKnownFileType = sourcecode.swift; path = CityListModel.swift; sourceTree = "<group>"; };
		AF334FA522BBBAE800413DBA /* Coord.swift */ = {isa = PBXFileReference; lastKnownFileType = sourcecode.swift; path = Coord.swift; sourceTree = "<group>"; };
		AF334FA822BBBB3F00413DBA /* CityListViewModel.swift */ = {isa = PBXFileReference; lastKnownFileType = sourcecode.swift; path = CityListViewModel.swift; sourceTree = "<group>"; };
		AF334FAA22BBBB6100413DBA /* CityListViewModelProtocol.swift */ = {isa = PBXFileReference; lastKnownFileType = sourcecode.swift; path = CityListViewModelProtocol.swift; sourceTree = "<group>"; };
		AF334FAC22BBBC0900413DBA /* CityListHandler.swift */ = {isa = PBXFileReference; lastKnownFileType = sourcecode.swift; path = CityListHandler.swift; sourceTree = "<group>"; };
		AF334FAE22BBBC2300413DBA /* CityListHandlerProtocol.swift */ = {isa = PBXFileReference; lastKnownFileType = sourcecode.swift; path = CityListHandlerProtocol.swift; sourceTree = "<group>"; };
		AF334FB222BBC76900413DBA /* CityListTableViewCell.swift */ = {isa = PBXFileReference; lastKnownFileType = sourcecode.swift; path = CityListTableViewCell.swift; sourceTree = "<group>"; };
		AF567B8022D415D4006EB878 /* MaterializedSequenceResult.swift */ = {isa = PBXFileReference; lastKnownFileType = sourcecode.swift; path = MaterializedSequenceResult.swift; sourceTree = "<group>"; };
		AF567B8222D415F0006EB878 /* MockData.swift */ = {isa = PBXFileReference; lastKnownFileType = sourcecode.swift; path = MockData.swift; sourceTree = "<group>"; };
		AF567B8422D4160E006EB878 /* ManualMocks.swift */ = {isa = PBXFileReference; lastKnownFileType = sourcecode.swift; path = ManualMocks.swift; sourceTree = "<group>"; };
		AF567B8622D41694006EB878 /* CityListViewModelTests.swift */ = {isa = PBXFileReference; lastKnownFileType = sourcecode.swift; path = CityListViewModelTests.swift; sourceTree = "<group>"; };
		AFBF708022BB0EF200629344 /* GetWeatherHandler.swift */ = {isa = PBXFileReference; lastKnownFileType = sourcecode.swift; path = GetWeatherHandler.swift; sourceTree = "<group>"; };
		AFBF708222BB0F5A00629344 /* GetWeatherHandlerProtocol.swift */ = {isa = PBXFileReference; lastKnownFileType = sourcecode.swift; path = GetWeatherHandlerProtocol.swift; sourceTree = "<group>"; };
		AFBF708522BB20E600629344 /* WeatherTableViewController.swift */ = {isa = PBXFileReference; lastKnownFileType = sourcecode.swift; path = WeatherTableViewController.swift; sourceTree = "<group>"; };
		AFBF708D22BBB76F00629344 /* StartCity.json */ = {isa = PBXFileReference; lastKnownFileType = text.json; path = StartCity.json; sourceTree = "<group>"; };
		AFC21A4A22BF41390032FC1D /* Cuckoo-GeneratedMocks.sh */ = {isa = PBXFileReference; lastKnownFileType = text.script.sh; path = "Cuckoo-GeneratedMocks.sh"; sourceTree = "<group>"; };
		AFC21A4B22BF50570032FC1D /* GeneratedMocks.swift */ = {isa = PBXFileReference; lastKnownFileType = sourcecode.swift; path = GeneratedMocks.swift; sourceTree = "<group>"; };
		AFC972A122AE89D9006BE3DB /* WeatherZone.app */ = {isa = PBXFileReference; explicitFileType = wrapper.application; includeInIndex = 0; path = WeatherZone.app; sourceTree = BUILT_PRODUCTS_DIR; };
		AFC972A422AE89D9006BE3DB /* AppDelegate.swift */ = {isa = PBXFileReference; lastKnownFileType = sourcecode.swift; path = AppDelegate.swift; sourceTree = "<group>"; };
		AFC972A922AE89D9006BE3DB /* Base */ = {isa = PBXFileReference; lastKnownFileType = file.storyboard; name = Base; path = Base.lproj/Main.storyboard; sourceTree = "<group>"; };
		AFC972AC22AE89D9006BE3DB /* WeatherZone.xcdatamodel */ = {isa = PBXFileReference; lastKnownFileType = wrapper.xcdatamodel; path = WeatherZone.xcdatamodel; sourceTree = "<group>"; };
		AFC972AE22AE89DB006BE3DB /* Assets.xcassets */ = {isa = PBXFileReference; lastKnownFileType = folder.assetcatalog; path = Assets.xcassets; sourceTree = "<group>"; };
		AFC972B122AE89DB006BE3DB /* Base */ = {isa = PBXFileReference; lastKnownFileType = file.storyboard; name = Base; path = Base.lproj/LaunchScreen.storyboard; sourceTree = "<group>"; };
		AFC972B322AE89DB006BE3DB /* Info.plist */ = {isa = PBXFileReference; lastKnownFileType = text.plist.xml; path = Info.plist; sourceTree = "<group>"; };
		AFC972B822AE89DB006BE3DB /* WeatherZoneTests.xctest */ = {isa = PBXFileReference; explicitFileType = wrapper.cfbundle; includeInIndex = 0; path = WeatherZoneTests.xctest; sourceTree = BUILT_PRODUCTS_DIR; };
		AFC972BC22AE89DB006BE3DB /* WeatherZoneTests.swift */ = {isa = PBXFileReference; lastKnownFileType = sourcecode.swift; path = WeatherZoneTests.swift; sourceTree = "<group>"; };
		AFC972BE22AE89DB006BE3DB /* Info.plist */ = {isa = PBXFileReference; lastKnownFileType = text.plist.xml; path = Info.plist; sourceTree = "<group>"; };
		AFC972C322AE89DB006BE3DB /* WeatherZoneUITests.xctest */ = {isa = PBXFileReference; explicitFileType = wrapper.cfbundle; includeInIndex = 0; path = WeatherZoneUITests.xctest; sourceTree = BUILT_PRODUCTS_DIR; };
		AFC972C722AE89DB006BE3DB /* WeatherZoneUITests.swift */ = {isa = PBXFileReference; lastKnownFileType = sourcecode.swift; path = WeatherZoneUITests.swift; sourceTree = "<group>"; };
		AFC972C922AE89DB006BE3DB /* Info.plist */ = {isa = PBXFileReference; lastKnownFileType = text.plist.xml; path = Info.plist; sourceTree = "<group>"; };
		AFC972D522AE8B87006BE3DB /* .gitignore */ = {isa = PBXFileReference; lastKnownFileType = text; path = .gitignore; sourceTree = "<group>"; };
		AFC972D722AE8BA1006BE3DB /* .swiftlint.yml */ = {isa = PBXFileReference; lastKnownFileType = text; path = .swiftlint.yml; sourceTree = "<group>"; };
		AFC972DE22AE903F006BE3DB /* WeatherResult.swift */ = {isa = PBXFileReference; lastKnownFileType = sourcecode.swift; path = WeatherResult.swift; sourceTree = "<group>"; };
		AFC972E022AE904E006BE3DB /* Weather.swift */ = {isa = PBXFileReference; lastKnownFileType = sourcecode.swift; path = Weather.swift; sourceTree = "<group>"; };
		AFC972E222AE90CA006BE3DB /* URLRequest+Extensions.swift */ = {isa = PBXFileReference; lastKnownFileType = sourcecode.swift; path = "URLRequest+Extensions.swift"; sourceTree = "<group>"; };
		AFC972E422AE90E0006BE3DB /* URL+Extensions.swift */ = {isa = PBXFileReference; lastKnownFileType = sourcecode.swift; path = "URL+Extensions.swift"; sourceTree = "<group>"; };
		AFC972E722AE9461006BE3DB /* WeatherViewController.swift */ = {isa = PBXFileReference; lastKnownFileType = sourcecode.swift; path = WeatherViewController.swift; sourceTree = "<group>"; };
		CCB4C67349599AB7BB29E9D1 /* Pods-WeatherZoneUITests.debug.xcconfig */ = {isa = PBXFileReference; includeInIndex = 1; lastKnownFileType = text.xcconfig; name = "Pods-WeatherZoneUITests.debug.xcconfig"; path = "Target Support Files/Pods-WeatherZoneUITests/Pods-WeatherZoneUITests.debug.xcconfig"; sourceTree = "<group>"; };
		E75BEAD154E232A338E70DF7 /* Pods-WeatherZone.debug.xcconfig */ = {isa = PBXFileReference; includeInIndex = 1; lastKnownFileType = text.xcconfig; name = "Pods-WeatherZone.debug.xcconfig"; path = "Target Support Files/Pods-WeatherZone/Pods-WeatherZone.debug.xcconfig"; sourceTree = "<group>"; };
		F9662BBD6295CA72EBC93D5E /* Pods-WeatherZoneUITests.release.xcconfig */ = {isa = PBXFileReference; includeInIndex = 1; lastKnownFileType = text.xcconfig; name = "Pods-WeatherZoneUITests.release.xcconfig"; path = "Target Support Files/Pods-WeatherZoneUITests/Pods-WeatherZoneUITests.release.xcconfig"; sourceTree = "<group>"; };
/* End PBXFileReference section */

/* Begin PBXFrameworksBuildPhase section */
		AFC9729E22AE89D9006BE3DB /* Frameworks */ = {
			isa = PBXFrameworksBuildPhase;
			buildActionMask = 2147483647;
			files = (
				398BBD333A47BA63E4F4FC36 /* Pods_WeatherZone.framework in Frameworks */,
			);
			runOnlyForDeploymentPostprocessing = 0;
		};
		AFC972B522AE89DB006BE3DB /* Frameworks */ = {
			isa = PBXFrameworksBuildPhase;
			buildActionMask = 2147483647;
			files = (
				02E6D3FE79BC78B0887A2277 /* Pods_WeatherZoneTests.framework in Frameworks */,
			);
			runOnlyForDeploymentPostprocessing = 0;
		};
		AFC972C022AE89DB006BE3DB /* Frameworks */ = {
			isa = PBXFrameworksBuildPhase;
			buildActionMask = 2147483647;
			files = (
				718A248C600CF2421C1B6856 /* Pods_WeatherZoneUITests.framework in Frameworks */,
			);
			runOnlyForDeploymentPostprocessing = 0;
		};
/* End PBXFrameworksBuildPhase section */

/* Begin PBXGroup section */
		0434CFC522FFE57F00555789 /* DetailModel */ = {
			isa = PBXGroup;
			children = (
				0434CFC622FFE58F00555789 /* DetailModel.swift */,
				0434CFCD22FFE93400555789 /* WeatherDetail.swift */,
			);
			path = DetailModel;
			sourceTree = "<group>";
		};
		0434CFC822FFE79200555789 /* WeatherDetailViewModel */ = {
			isa = PBXGroup;
			children = (
				0434CFCB22FFE7DC00555789 /* WeatherDetailDelegate.swift */,
				0434CFC922FFE7CD00555789 /* WeatherDetailViewModel.swift */,
			);
			path = WeatherDetailViewModel;
			sourceTree = "<group>";
		};
		046F7C1C22FAFDCC00860B62 /* AnimationViewModel */ = {
			isa = PBXGroup;
			children = (
				0462C2AE22FAFE1C00893818 /* AnimationViewModelProtocol.swift */,
				0462C2AC22FAFE0D00893818 /* AnimationViewModel.swift */,
			);
			path = AnimationViewModel;
			sourceTree = "<group>";
		};
		04F00B7A22F6A6CD00E80557 /* CitySearchViewModel */ = {
			isa = PBXGroup;
			children = (
				04F00B7D22F6A72900E80557 /* CitySearchViewModelProtocol.swift */,
				04F00B7B22F6A6F200E80557 /* CitySearchViewModel.swift */,
			);
			path = CitySearchViewModel;
			sourceTree = "<group>";
		};
		341A1BE3F30A3E2DDC5C1B60 /* Frameworks */ = {
			isa = PBXGroup;
			children = (
				3B3640B4400B7B9634ADDEAC /* Pods_WeatherZone.framework */,
				96FDC149325AEFC3D6790D59 /* Pods_WeatherZoneTests.framework */,
				1CF02BE66B39894B24392010 /* Pods_WeatherZoneUITests.framework */,
			);
			name = Frameworks;
			sourceTree = "<group>";
		};
		7CB0A2A9513E1D26D94E2A71 /* Pods */ = {
			isa = PBXGroup;
			children = (
				E75BEAD154E232A338E70DF7 /* Pods-WeatherZone.debug.xcconfig */,
				78152DA04D30F036A845E333 /* Pods-WeatherZone.release.xcconfig */,
				54E5FDE8B93DCB8BEF10E299 /* Pods-WeatherZoneTests.debug.xcconfig */,
				5A5EFE70FBAF5C79A44BA6A5 /* Pods-WeatherZoneTests.release.xcconfig */,
				CCB4C67349599AB7BB29E9D1 /* Pods-WeatherZoneUITests.debug.xcconfig */,
				F9662BBD6295CA72EBC93D5E /* Pods-WeatherZoneUITests.release.xcconfig */,
			);
			path = Pods;
			sourceTree = "<group>";
		};
		AF1BD0FA22B788FF00088403 /* ViewModel */ = {
			isa = PBXGroup;
			children = (
				046F7C1C22FAFDCC00860B62 /* AnimationViewModel */,
				AF334FA722BBBB1A00413DBA /* CityListViewModel */,
				AF1F864D22BC53B200303C5B /* WeatherViewModel */,
				04F00B7A22F6A6CD00E80557 /* CitySearchViewModel */,
				0434CFC822FFE79200555789 /* WeatherDetailViewModel */,
			);
			path = ViewModel;
			sourceTree = "<group>";
		};
		AF1F864D22BC53B200303C5B /* WeatherViewModel */ = {
			isa = PBXGroup;
			children = (
				AF1BD0FD22B7894100088403 /* WeatherViewModelProtocol.swift */,
				AF1BD0FB22B7891800088403 /* WeatherViewModel.swift */,
			);
			path = WeatherViewModel;
			sourceTree = "<group>";
		};
		AF1F864F22BC540C00303C5B /* WeatherResult */ = {
			isa = PBXGroup;
			children = (
				AFC972DE22AE903F006BE3DB /* WeatherResult.swift */,
				AFC972E022AE904E006BE3DB /* Weather.swift */,
				043B837822F5BE10003707F5 /* MainModel.swift */,
				0434CFD52300044000555789 /* SysModel.swift */,
				0434CFD7230009A100555789 /* WindModel.swift */,
			);
			path = WeatherResult;
			sourceTree = "<group>";
		};
		AF334FA122BBBA7E00413DBA /* CityList */ = {
			isa = PBXGroup;
			children = (
				AF334FA222BBBA9D00413DBA /* CityListModel.swift */,
				AF1F865022BC5ADA00303C5B /* CityWeatherModel.swift */,
			);
			path = CityList;
			sourceTree = "<group>";
		};
		AF334FA422BBBACD00413DBA /* WeatherInfo */ = {
			isa = PBXGroup;
			children = (
				AF334FA522BBBAE800413DBA /* Coord.swift */,
			);
			path = WeatherInfo;
			sourceTree = "<group>";
		};
		AF334FA722BBBB1A00413DBA /* CityListViewModel */ = {
			isa = PBXGroup;
			children = (
				AF334FAA22BBBB6100413DBA /* CityListViewModelProtocol.swift */,
				AF334FA822BBBB3F00413DBA /* CityListViewModel.swift */,
			);
			path = CityListViewModel;
			sourceTree = "<group>";
		};
		AF334FB122BBC74C00413DBA /* TableViewCell */ = {
			isa = PBXGroup;
			children = (
				AF334FB222BBC76900413DBA /* CityListTableViewCell.swift */,
				0434CFC322FFE53200555789 /* WeatherDetailTableViewCell.swift */,
			);
			path = TableViewCell;
			sourceTree = "<group>";
		};
		AF567B7E22D415AC006EB878 /* Mocks */ = {
			isa = PBXGroup;
			children = (
				AFC21A4B22BF50570032FC1D /* GeneratedMocks.swift */,
				AF567B8222D415F0006EB878 /* MockData.swift */,
				AF567B8422D4160E006EB878 /* ManualMocks.swift */,
			);
			path = Mocks;
			sourceTree = "<group>";
		};
		AF567B7F22D415B3006EB878 /* Utility */ = {
			isa = PBXGroup;
			children = (
				AF567B8022D415D4006EB878 /* MaterializedSequenceResult.swift */,
			);
			path = Utility;
			sourceTree = "<group>";
		};
		AFBF707F22BB0EB700629344 /* APIHandler */ = {
			isa = PBXGroup;
			children = (
				AFBF708222BB0F5A00629344 /* GetWeatherHandlerProtocol.swift */,
				AFBF708022BB0EF200629344 /* GetWeatherHandler.swift */,
				AF334FAE22BBBC2300413DBA /* CityListHandlerProtocol.swift */,
				AF334FAC22BBBC0900413DBA /* CityListHandler.swift */,
				0434CFD322FFFC7A00555789 /* DetailListHandlerProtocol.swift */,
				0434CFD122FFFC6000555789 /* DetailListHandler.swift */,
			);
			path = APIHandler;
			sourceTree = "<group>";
		};
		AFBF708C22BBB71400629344 /* Resources */ = {
			isa = PBXGroup;
			children = (
				AF1F865422BC75DF00303C5B /* app_icon.png */,
				04F00B8322F6AC5500E80557 /* cityList.json */,
				AFBF708D22BBB76F00629344 /* StartCity.json */,
				0434CFCF22FFF9D100555789 /* detailList.json */,
			);
			path = Resources;
			sourceTree = "<group>";
		};
		AFC21A4922BF40F50032FC1D /* Build scripts */ = {
			isa = PBXGroup;
			children = (
				AFC21A4A22BF41390032FC1D /* Cuckoo-GeneratedMocks.sh */,
			);
			name = "Build scripts";
			sourceTree = "<group>";
		};
		AFC9729822AE89D9006BE3DB = {
			isa = PBXGroup;
			children = (
				AFC21A4922BF40F50032FC1D /* Build scripts */,
				AFC972D522AE8B87006BE3DB /* .gitignore */,
				AFC972D722AE8BA1006BE3DB /* .swiftlint.yml */,
				0423E7FA22F997E20084B4A4 /* programmingAnimation.json */,
				AFC972A322AE89D9006BE3DB /* WeatherZone */,
				AFC972BB22AE89DB006BE3DB /* WeatherZoneTests */,
				AFC972C622AE89DB006BE3DB /* WeatherZoneUITests */,
				AFC972A222AE89D9006BE3DB /* Products */,
				7CB0A2A9513E1D26D94E2A71 /* Pods */,
				341A1BE3F30A3E2DDC5C1B60 /* Frameworks */,
			);
			sourceTree = "<group>";
		};
		AFC972A222AE89D9006BE3DB /* Products */ = {
			isa = PBXGroup;
			children = (
				AFC972A122AE89D9006BE3DB /* WeatherZone.app */,
				AFC972B822AE89DB006BE3DB /* WeatherZoneTests.xctest */,
				AFC972C322AE89DB006BE3DB /* WeatherZoneUITests.xctest */,
			);
			name = Products;
			sourceTree = "<group>";
		};
		AFC972A322AE89D9006BE3DB /* WeatherZone */ = {
			isa = PBXGroup;
			children = (
				043B837622F5B6A1003707F5 /* ColourConstant.swift */,
				AFBF708C22BBB71400629344 /* Resources */,
				AFBF707F22BB0EB700629344 /* APIHandler */,
				AFC972DC22AE900B006BE3DB /* Extensions */,
				AFC972DB22AE8FF7006BE3DB /* Models */,
				AF1BD0FA22B788FF00088403 /* ViewModel */,
				AFC972DD22AE9013006BE3DB /* Views */,
				AF334FB122BBC74C00413DBA /* TableViewCell */,
				AFC972A422AE89D9006BE3DB /* AppDelegate.swift */,
				AFC972AE22AE89DB006BE3DB /* Assets.xcassets */,
				AFC972B022AE89DB006BE3DB /* LaunchScreen.storyboard */,
				AFC972B322AE89DB006BE3DB /* Info.plist */,
				AFC972AB22AE89D9006BE3DB /* WeatherZone.xcdatamodeld */,
			);
			path = WeatherZone;
			sourceTree = "<group>";
		};
		AFC972BB22AE89DB006BE3DB /* WeatherZoneTests */ = {
			isa = PBXGroup;
			children = (
				AF567B7F22D415B3006EB878 /* Utility */,
				AF567B7E22D415AC006EB878 /* Mocks */,
				AFC972BC22AE89DB006BE3DB /* WeatherZoneTests.swift */,
				AFC972BE22AE89DB006BE3DB /* Info.plist */,
				AF567B8622D41694006EB878 /* CityListViewModelTests.swift */,
				AF1F87FF22D6C1AA00157F5A /* WeatherViewModelTests.swift */,
				044A995622F8428900556E1C /* CitySearchViewModelTests.swift */,
				04D67FEF22FD66EE006F8FBD /* AnimationViewModelTests.swift */,
			);
			path = WeatherZoneTests;
			sourceTree = "<group>";
		};
		AFC972C622AE89DB006BE3DB /* WeatherZoneUITests */ = {
			isa = PBXGroup;
			children = (
				AFC972C722AE89DB006BE3DB /* WeatherZoneUITests.swift */,
				AFC972C922AE89DB006BE3DB /* Info.plist */,
			);
			path = WeatherZoneUITests;
			sourceTree = "<group>";
		};
		AFC972DB22AE8FF7006BE3DB /* Models */ = {
			isa = PBXGroup;
			children = (
				0434CFC522FFE57F00555789 /* DetailModel */,
				04B6391422FC54010041FB0D /* AlertAction.swift */,
				AF334FA122BBBA7E00413DBA /* CityList */,
				AF334FA422BBBACD00413DBA /* WeatherInfo */,
				AF1F864F22BC540C00303C5B /* WeatherResult */,
			);
			path = Models;
			sourceTree = "<group>";
		};
		AFC972DC22AE900B006BE3DB /* Extensions */ = {
			isa = PBXGroup;
			children = (
				04B6391022FC53D30041FB0D /* UIAlertControllerExtension.swift */,
				04B6391122FC53D30041FB0D /* UIViewControllerExtension.swift */,
				AFC972E222AE90CA006BE3DB /* URLRequest+Extensions.swift */,
				AFC972E422AE90E0006BE3DB /* URL+Extensions.swift */,
				043A31DC22FECE6700A4410E /* UITableView+Extensions.swift */,
			);
			path = Extensions;
			sourceTree = "<group>";
		};
		AFC972DD22AE9013006BE3DB /* Views */ = {
			isa = PBXGroup;
			children = (
				0423E7F222F98C2B0084B4A4 /* AnimationViewController.swift */,
				AFBF708522BB20E600629344 /* WeatherTableViewController.swift */,
				AFC972E722AE9461006BE3DB /* WeatherViewController.swift */,
				04F00B7822F6A3A600E80557 /* CitySearchViewController.swift */,
				049B735D22FD9DA6000A7F94 /* WeatherDetailViewController.swift */,
				AFC972A822AE89D9006BE3DB /* Main.storyboard */,
			);
			path = Views;
			sourceTree = "<group>";
		};
/* End PBXGroup section */

/* Begin PBXNativeTarget section */
		AFC972A022AE89D9006BE3DB /* WeatherZone */ = {
			isa = PBXNativeTarget;
			buildConfigurationList = AFC972CC22AE89DB006BE3DB /* Build configuration list for PBXNativeTarget "WeatherZone" */;
			buildPhases = (
				BAB083509C6CAD18509A4EAB /* [CP] Check Pods Manifest.lock */,
				AFC9729D22AE89D9006BE3DB /* Sources */,
				AFC9729E22AE89D9006BE3DB /* Frameworks */,
				AFC9729F22AE89D9006BE3DB /* Resources */,
				2435BB91D86B770E39A75D17 /* [CP] Embed Pods Frameworks */,
			);
			buildRules = (
			);
			dependencies = (
			);
			name = WeatherZone;
			productName = WeatherZone;
			productReference = AFC972A122AE89D9006BE3DB /* WeatherZone.app */;
			productType = "com.apple.product-type.application";
		};
		AFC972B722AE89DB006BE3DB /* WeatherZoneTests */ = {
			isa = PBXNativeTarget;
			buildConfigurationList = AFC972CF22AE89DB006BE3DB /* Build configuration list for PBXNativeTarget "WeatherZoneTests" */;
			buildPhases = (
				AB4699E743E654FEEC92AFDD /* [CP] Check Pods Manifest.lock */,
				AFC972B422AE89DB006BE3DB /* Sources */,
				AFC972B522AE89DB006BE3DB /* Frameworks */,
				AFC972B622AE89DB006BE3DB /* Resources */,
				FF3DE702DA6635D987A13974 /* [CP] Embed Pods Frameworks */,
			);
			buildRules = (
			);
			dependencies = (
				AFC972BA22AE89DB006BE3DB /* PBXTargetDependency */,
			);
			name = WeatherZoneTests;
			productName = WeatherZoneTests;
			productReference = AFC972B822AE89DB006BE3DB /* WeatherZoneTests.xctest */;
			productType = "com.apple.product-type.bundle.unit-test";
		};
		AFC972C222AE89DB006BE3DB /* WeatherZoneUITests */ = {
			isa = PBXNativeTarget;
			buildConfigurationList = AFC972D222AE89DB006BE3DB /* Build configuration list for PBXNativeTarget "WeatherZoneUITests" */;
			buildPhases = (
				68F78FA0462248285E3F23B1 /* [CP] Check Pods Manifest.lock */,
				AFC972BF22AE89DB006BE3DB /* Sources */,
				AFC972C022AE89DB006BE3DB /* Frameworks */,
				AFC972C122AE89DB006BE3DB /* Resources */,
				BA957AD147A1064037A5F566 /* [CP] Embed Pods Frameworks */,
			);
			buildRules = (
			);
			dependencies = (
				AFC972C522AE89DB006BE3DB /* PBXTargetDependency */,
			);
			name = WeatherZoneUITests;
			productName = WeatherZoneUITests;
			productReference = AFC972C322AE89DB006BE3DB /* WeatherZoneUITests.xctest */;
			productType = "com.apple.product-type.bundle.ui-testing";
		};
/* End PBXNativeTarget section */

/* Begin PBXProject section */
		AFC9729922AE89D9006BE3DB /* Project object */ = {
			isa = PBXProject;
			attributes = {
				LastSwiftUpdateCheck = 1020;
				LastUpgradeCheck = 1020;
				ORGANIZATIONNAME = NischalHada;
				TargetAttributes = {
					AFC972A022AE89D9006BE3DB = {
						CreatedOnToolsVersion = 10.2.1;
					};
					AFC972B722AE89DB006BE3DB = {
						CreatedOnToolsVersion = 10.2.1;
						TestTargetID = AFC972A022AE89D9006BE3DB;
					};
					AFC972C222AE89DB006BE3DB = {
						CreatedOnToolsVersion = 10.2.1;
						TestTargetID = AFC972A022AE89D9006BE3DB;
					};
				};
			};
			buildConfigurationList = AFC9729C22AE89D9006BE3DB /* Build configuration list for PBXProject "WeatherZone" */;
			compatibilityVersion = "Xcode 9.3";
			developmentRegion = en;
			hasScannedForEncodings = 0;
			knownRegions = (
				en,
				Base,
			);
			mainGroup = AFC9729822AE89D9006BE3DB;
			productRefGroup = AFC972A222AE89D9006BE3DB /* Products */;
			projectDirPath = "";
			projectRoot = "";
			targets = (
				AFC972A022AE89D9006BE3DB /* WeatherZone */,
				AFC972B722AE89DB006BE3DB /* WeatherZoneTests */,
				AFC972C222AE89DB006BE3DB /* WeatherZoneUITests */,
			);
		};
/* End PBXProject section */

/* Begin PBXResourcesBuildPhase section */
		AFC9729F22AE89D9006BE3DB /* Resources */ = {
			isa = PBXResourcesBuildPhase;
			buildActionMask = 2147483647;
			files = (
				0434CFD022FFF9D100555789 /* detailList.json in Resources */,
				0423E7FB22F997E20084B4A4 /* programmingAnimation.json in Resources */,
				AFC972D822AE8BA1006BE3DB /* .swiftlint.yml in Resources */,
				AFC972D622AE8B87006BE3DB /* .gitignore in Resources */,
				04F00B8422F6AC5500E80557 /* cityList.json in Resources */,
				AFC972B222AE89DB006BE3DB /* LaunchScreen.storyboard in Resources */,
				AFC972AF22AE89DB006BE3DB /* Assets.xcassets in Resources */,
				AF1F865522BC75DF00303C5B /* app_icon.png in Resources */,
				AFC972AA22AE89D9006BE3DB /* Main.storyboard in Resources */,
				AFBF708E22BBB76F00629344 /* StartCity.json in Resources */,
			);
			runOnlyForDeploymentPostprocessing = 0;
		};
		AFC972B622AE89DB006BE3DB /* Resources */ = {
			isa = PBXResourcesBuildPhase;
			buildActionMask = 2147483647;
			files = (
			);
			runOnlyForDeploymentPostprocessing = 0;
		};
		AFC972C122AE89DB006BE3DB /* Resources */ = {
			isa = PBXResourcesBuildPhase;
			buildActionMask = 2147483647;
			files = (
			);
			runOnlyForDeploymentPostprocessing = 0;
		};
/* End PBXResourcesBuildPhase section */

/* Begin PBXShellScriptBuildPhase section */
		2435BB91D86B770E39A75D17 /* [CP] Embed Pods Frameworks */ = {
			isa = PBXShellScriptBuildPhase;
			buildActionMask = 2147483647;
			files = (
			);
			inputFileListPaths = (
				"${PODS_ROOT}/Target Support Files/Pods-WeatherZone/Pods-WeatherZone-frameworks-${CONFIGURATION}-input-files.xcfilelist",
			);
			name = "[CP] Embed Pods Frameworks";
			outputFileListPaths = (
				"${PODS_ROOT}/Target Support Files/Pods-WeatherZone/Pods-WeatherZone-frameworks-${CONFIGURATION}-output-files.xcfilelist",
			);
			runOnlyForDeploymentPostprocessing = 0;
			shellPath = /bin/sh;
			shellScript = "\"${PODS_ROOT}/Target Support Files/Pods-WeatherZone/Pods-WeatherZone-frameworks.sh\"\n";
			showEnvVarsInLog = 0;
		};
		68F78FA0462248285E3F23B1 /* [CP] Check Pods Manifest.lock */ = {
			isa = PBXShellScriptBuildPhase;
			buildActionMask = 2147483647;
			files = (
			);
			inputFileListPaths = (
			);
			inputPaths = (
				"${PODS_PODFILE_DIR_PATH}/Podfile.lock",
				"${PODS_ROOT}/Manifest.lock",
			);
			name = "[CP] Check Pods Manifest.lock";
			outputFileListPaths = (
			);
			outputPaths = (
				"$(DERIVED_FILE_DIR)/Pods-WeatherZoneUITests-checkManifestLockResult.txt",
			);
			runOnlyForDeploymentPostprocessing = 0;
			shellPath = /bin/sh;
			shellScript = "diff \"${PODS_PODFILE_DIR_PATH}/Podfile.lock\" \"${PODS_ROOT}/Manifest.lock\" > /dev/null\nif [ $? != 0 ] ; then\n    # print error to STDERR\n    echo \"error: The sandbox is not in sync with the Podfile.lock. Run 'pod install' or update your CocoaPods installation.\" >&2\n    exit 1\nfi\n# This output is used by Xcode 'outputs' to avoid re-running this script phase.\necho \"SUCCESS\" > \"${SCRIPT_OUTPUT_FILE_0}\"\n";
			showEnvVarsInLog = 0;
		};
		AB4699E743E654FEEC92AFDD /* [CP] Check Pods Manifest.lock */ = {
			isa = PBXShellScriptBuildPhase;
			buildActionMask = 2147483647;
			files = (
			);
			inputFileListPaths = (
			);
			inputPaths = (
				"${PODS_PODFILE_DIR_PATH}/Podfile.lock",
				"${PODS_ROOT}/Manifest.lock",
			);
			name = "[CP] Check Pods Manifest.lock";
			outputFileListPaths = (
			);
			outputPaths = (
				"$(DERIVED_FILE_DIR)/Pods-WeatherZoneTests-checkManifestLockResult.txt",
			);
			runOnlyForDeploymentPostprocessing = 0;
			shellPath = /bin/sh;
			shellScript = "diff \"${PODS_PODFILE_DIR_PATH}/Podfile.lock\" \"${PODS_ROOT}/Manifest.lock\" > /dev/null\nif [ $? != 0 ] ; then\n    # print error to STDERR\n    echo \"error: The sandbox is not in sync with the Podfile.lock. Run 'pod install' or update your CocoaPods installation.\" >&2\n    exit 1\nfi\n# This output is used by Xcode 'outputs' to avoid re-running this script phase.\necho \"SUCCESS\" > \"${SCRIPT_OUTPUT_FILE_0}\"\n";
			showEnvVarsInLog = 0;
		};
		BA957AD147A1064037A5F566 /* [CP] Embed Pods Frameworks */ = {
			isa = PBXShellScriptBuildPhase;
			buildActionMask = 2147483647;
			files = (
			);
			inputFileListPaths = (
				"${PODS_ROOT}/Target Support Files/Pods-WeatherZoneUITests/Pods-WeatherZoneUITests-frameworks-${CONFIGURATION}-input-files.xcfilelist",
			);
			name = "[CP] Embed Pods Frameworks";
			outputFileListPaths = (
				"${PODS_ROOT}/Target Support Files/Pods-WeatherZoneUITests/Pods-WeatherZoneUITests-frameworks-${CONFIGURATION}-output-files.xcfilelist",
			);
			runOnlyForDeploymentPostprocessing = 0;
			shellPath = /bin/sh;
			shellScript = "\"${PODS_ROOT}/Target Support Files/Pods-WeatherZoneUITests/Pods-WeatherZoneUITests-frameworks.sh\"\n";
			showEnvVarsInLog = 0;
		};
		BAB083509C6CAD18509A4EAB /* [CP] Check Pods Manifest.lock */ = {
			isa = PBXShellScriptBuildPhase;
			buildActionMask = 2147483647;
			files = (
			);
			inputFileListPaths = (
			);
			inputPaths = (
				"${PODS_PODFILE_DIR_PATH}/Podfile.lock",
				"${PODS_ROOT}/Manifest.lock",
			);
			name = "[CP] Check Pods Manifest.lock";
			outputFileListPaths = (
			);
			outputPaths = (
				"$(DERIVED_FILE_DIR)/Pods-WeatherZone-checkManifestLockResult.txt",
			);
			runOnlyForDeploymentPostprocessing = 0;
			shellPath = /bin/sh;
			shellScript = "diff \"${PODS_PODFILE_DIR_PATH}/Podfile.lock\" \"${PODS_ROOT}/Manifest.lock\" > /dev/null\nif [ $? != 0 ] ; then\n    # print error to STDERR\n    echo \"error: The sandbox is not in sync with the Podfile.lock. Run 'pod install' or update your CocoaPods installation.\" >&2\n    exit 1\nfi\n# This output is used by Xcode 'outputs' to avoid re-running this script phase.\necho \"SUCCESS\" > \"${SCRIPT_OUTPUT_FILE_0}\"\n";
			showEnvVarsInLog = 0;
		};
		FF3DE702DA6635D987A13974 /* [CP] Embed Pods Frameworks */ = {
			isa = PBXShellScriptBuildPhase;
			buildActionMask = 2147483647;
			files = (
			);
			inputFileListPaths = (
				"${PODS_ROOT}/Target Support Files/Pods-WeatherZoneTests/Pods-WeatherZoneTests-frameworks-${CONFIGURATION}-input-files.xcfilelist",
			);
			name = "[CP] Embed Pods Frameworks";
			outputFileListPaths = (
				"${PODS_ROOT}/Target Support Files/Pods-WeatherZoneTests/Pods-WeatherZoneTests-frameworks-${CONFIGURATION}-output-files.xcfilelist",
			);
			runOnlyForDeploymentPostprocessing = 0;
			shellPath = /bin/sh;
			shellScript = "\"${PODS_ROOT}/Target Support Files/Pods-WeatherZoneTests/Pods-WeatherZoneTests-frameworks.sh\"\n";
			showEnvVarsInLog = 0;
		};
/* End PBXShellScriptBuildPhase section */

/* Begin PBXSourcesBuildPhase section */
		AFC9729D22AE89D9006BE3DB /* Sources */ = {
			isa = PBXSourcesBuildPhase;
			buildActionMask = 2147483647;
			files = (
				043B837722F5B6A1003707F5 /* ColourConstant.swift in Sources */,
				AF1BD0FE22B7894100088403 /* WeatherViewModelProtocol.swift in Sources */,
				04B6391522FC54030041FB0D /* AlertAction.swift in Sources */,
				04B6391322FC53D30041FB0D /* UIViewControllerExtension.swift in Sources */,
				0462C2AF22FAFE1C00893818 /* AnimationViewModelProtocol.swift in Sources */,
				AFBF708322BB0F5A00629344 /* GetWeatherHandlerProtocol.swift in Sources */,
				AF1BD0FC22B7891800088403 /* WeatherViewModel.swift in Sources */,
				AF334FAB22BBBB6100413DBA /* CityListViewModelProtocol.swift in Sources */,
				AF334FAD22BBBC0900413DBA /* CityListHandler.swift in Sources */,
				043B837922F5BE10003707F5 /* MainModel.swift in Sources */,
				AFC972E522AE90E0006BE3DB /* URL+Extensions.swift in Sources */,
				0434CFCE22FFE93400555789 /* WeatherDetail.swift in Sources */,
				AFBF708622BB20E600629344 /* WeatherTableViewController.swift in Sources */,
				AFBF708122BB0EF200629344 /* GetWeatherHandler.swift in Sources */,
				AFC972DF22AE903F006BE3DB /* WeatherResult.swift in Sources */,
				0434CFD62300044000555789 /* SysModel.swift in Sources */,
				AF334FA622BBBAE800413DBA /* Coord.swift in Sources */,
				AFC972A522AE89D9006BE3DB /* AppDelegate.swift in Sources */,
				0434CFD422FFFC7A00555789 /* DetailListHandlerProtocol.swift in Sources */,
				0434CFC722FFE58F00555789 /* DetailModel.swift in Sources */,
				AF1F865122BC5ADA00303C5B /* CityWeatherModel.swift in Sources */,
				04F00B7922F6A3A600E80557 /* CitySearchViewController.swift in Sources */,
				043A31DD22FECE6700A4410E /* UITableView+Extensions.swift in Sources */,
				0434CFD222FFFC6000555789 /* DetailListHandler.swift in Sources */,
				04F00B7E22F6A72900E80557 /* CitySearchViewModelProtocol.swift in Sources */,
				AF334FA922BBBB3F00413DBA /* CityListViewModel.swift in Sources */,
				AFC972E322AE90CA006BE3DB /* URLRequest+Extensions.swift in Sources */,
				0434CFD8230009A100555789 /* WindModel.swift in Sources */,
				AF334FAF22BBBC2300413DBA /* CityListHandlerProtocol.swift in Sources */,
				0462C2AD22FAFE0D00893818 /* AnimationViewModel.swift in Sources */,
				AFC972E822AE9461006BE3DB /* WeatherViewController.swift in Sources */,
				0434CFCA22FFE7CD00555789 /* WeatherDetailViewModel.swift in Sources */,
				AFC972AD22AE89D9006BE3DB /* WeatherZone.xcdatamodeld in Sources */,
				AF334FB322BBC76900413DBA /* CityListTableViewCell.swift in Sources */,
				049B735E22FD9DA6000A7F94 /* WeatherDetailViewController.swift in Sources */,
				AF334FA322BBBA9D00413DBA /* CityListModel.swift in Sources */,
				0423E7F322F98C2B0084B4A4 /* AnimationViewController.swift in Sources */,
				0434CFC422FFE53200555789 /* WeatherDetailTableViewCell.swift in Sources */,
				0434CFCC22FFE7DC00555789 /* WeatherDetailDelegate.swift in Sources */,
				AFC972E122AE904E006BE3DB /* Weather.swift in Sources */,
				04B6391222FC53D30041FB0D /* UIAlertControllerExtension.swift in Sources */,
				04F00B7C22F6A6F200E80557 /* CitySearchViewModel.swift in Sources */,
			);
			runOnlyForDeploymentPostprocessing = 0;
		};
		AFC972B422AE89DB006BE3DB /* Sources */ = {
			isa = PBXSourcesBuildPhase;
			buildActionMask = 2147483647;
			files = (
				AFC972BD22AE89DB006BE3DB /* WeatherZoneTests.swift in Sources */,
				AF567B8322D415F0006EB878 /* MockData.swift in Sources */,
				AF567B8122D415D4006EB878 /* MaterializedSequenceResult.swift in Sources */,
				AF567B8722D41694006EB878 /* CityListViewModelTests.swift in Sources */,
				AF1F880022D6C1AA00157F5A /* WeatherViewModelTests.swift in Sources */,
				AF567B8522D4160E006EB878 /* ManualMocks.swift in Sources */,
				AFC21A4C22BF50570032FC1D /* GeneratedMocks.swift in Sources */,
				044A995722F8428900556E1C /* CitySearchViewModelTests.swift in Sources */,
				04D67FF022FD66EE006F8FBD /* AnimationViewModelTests.swift in Sources */,
			);
			runOnlyForDeploymentPostprocessing = 0;
		};
		AFC972BF22AE89DB006BE3DB /* Sources */ = {
			isa = PBXSourcesBuildPhase;
			buildActionMask = 2147483647;
			files = (
				043B837B22F5C5B0003707F5 /* WeatherZoneUITests.swift in Sources */,
			);
			runOnlyForDeploymentPostprocessing = 0;
		};
/* End PBXSourcesBuildPhase section */

/* Begin PBXTargetDependency section */
		AFC972BA22AE89DB006BE3DB /* PBXTargetDependency */ = {
			isa = PBXTargetDependency;
			target = AFC972A022AE89D9006BE3DB /* WeatherZone */;
			targetProxy = AFC972B922AE89DB006BE3DB /* PBXContainerItemProxy */;
		};
		AFC972C522AE89DB006BE3DB /* PBXTargetDependency */ = {
			isa = PBXTargetDependency;
			target = AFC972A022AE89D9006BE3DB /* WeatherZone */;
			targetProxy = AFC972C422AE89DB006BE3DB /* PBXContainerItemProxy */;
		};
/* End PBXTargetDependency section */

/* Begin PBXVariantGroup section */
		AFC972A822AE89D9006BE3DB /* Main.storyboard */ = {
			isa = PBXVariantGroup;
			children = (
				AFC972A922AE89D9006BE3DB /* Base */,
			);
			name = Main.storyboard;
			sourceTree = "<group>";
		};
		AFC972B022AE89DB006BE3DB /* LaunchScreen.storyboard */ = {
			isa = PBXVariantGroup;
			children = (
				AFC972B122AE89DB006BE3DB /* Base */,
			);
			name = LaunchScreen.storyboard;
			sourceTree = "<group>";
		};
/* End PBXVariantGroup section */

/* Begin XCBuildConfiguration section */
		AFC972CA22AE89DB006BE3DB /* Debug */ = {
			isa = XCBuildConfiguration;
			buildSettings = {
				ALWAYS_SEARCH_USER_PATHS = NO;
				CLANG_ANALYZER_NONNULL = YES;
				CLANG_ANALYZER_NUMBER_OBJECT_CONVERSION = YES_AGGRESSIVE;
				CLANG_CXX_LANGUAGE_STANDARD = "gnu++14";
				CLANG_CXX_LIBRARY = "libc++";
				CLANG_ENABLE_MODULES = YES;
				CLANG_ENABLE_OBJC_ARC = YES;
				CLANG_ENABLE_OBJC_WEAK = YES;
				CLANG_WARN_BLOCK_CAPTURE_AUTORELEASING = YES;
				CLANG_WARN_BOOL_CONVERSION = YES;
				CLANG_WARN_COMMA = YES;
				CLANG_WARN_CONSTANT_CONVERSION = YES;
				CLANG_WARN_DEPRECATED_OBJC_IMPLEMENTATIONS = YES;
				CLANG_WARN_DIRECT_OBJC_ISA_USAGE = YES_ERROR;
				CLANG_WARN_DOCUMENTATION_COMMENTS = YES;
				CLANG_WARN_EMPTY_BODY = YES;
				CLANG_WARN_ENUM_CONVERSION = YES;
				CLANG_WARN_INFINITE_RECURSION = YES;
				CLANG_WARN_INT_CONVERSION = YES;
				CLANG_WARN_NON_LITERAL_NULL_CONVERSION = YES;
				CLANG_WARN_OBJC_IMPLICIT_RETAIN_SELF = YES;
				CLANG_WARN_OBJC_LITERAL_CONVERSION = YES;
				CLANG_WARN_OBJC_ROOT_CLASS = YES_ERROR;
				CLANG_WARN_RANGE_LOOP_ANALYSIS = YES;
				CLANG_WARN_STRICT_PROTOTYPES = YES;
				CLANG_WARN_SUSPICIOUS_MOVE = YES;
				CLANG_WARN_UNGUARDED_AVAILABILITY = YES_AGGRESSIVE;
				CLANG_WARN_UNREACHABLE_CODE = YES;
				CLANG_WARN__DUPLICATE_METHOD_MATCH = YES;
				CODE_SIGN_IDENTITY = "iPhone Developer";
				COPY_PHASE_STRIP = NO;
				DEBUG_INFORMATION_FORMAT = dwarf;
				ENABLE_STRICT_OBJC_MSGSEND = YES;
				ENABLE_TESTABILITY = YES;
				GCC_C_LANGUAGE_STANDARD = gnu11;
				GCC_DYNAMIC_NO_PIC = NO;
				GCC_NO_COMMON_BLOCKS = YES;
				GCC_OPTIMIZATION_LEVEL = 0;
				GCC_PREPROCESSOR_DEFINITIONS = (
					"DEBUG=1",
					"$(inherited)",
				);
				GCC_WARN_64_TO_32_BIT_CONVERSION = YES;
				GCC_WARN_ABOUT_RETURN_TYPE = YES_ERROR;
				GCC_WARN_UNDECLARED_SELECTOR = YES;
				GCC_WARN_UNINITIALIZED_AUTOS = YES_AGGRESSIVE;
				GCC_WARN_UNUSED_FUNCTION = YES;
				GCC_WARN_UNUSED_VARIABLE = YES;
				IPHONEOS_DEPLOYMENT_TARGET = 12.2;
				MTL_ENABLE_DEBUG_INFO = INCLUDE_SOURCE;
				MTL_FAST_MATH = YES;
				ONLY_ACTIVE_ARCH = YES;
				SDKROOT = iphoneos;
				SWIFT_ACTIVE_COMPILATION_CONDITIONS = DEBUG;
				SWIFT_OPTIMIZATION_LEVEL = "-Onone";
			};
			name = Debug;
		};
		AFC972CB22AE89DB006BE3DB /* Release */ = {
			isa = XCBuildConfiguration;
			buildSettings = {
				ALWAYS_SEARCH_USER_PATHS = NO;
				CLANG_ANALYZER_NONNULL = YES;
				CLANG_ANALYZER_NUMBER_OBJECT_CONVERSION = YES_AGGRESSIVE;
				CLANG_CXX_LANGUAGE_STANDARD = "gnu++14";
				CLANG_CXX_LIBRARY = "libc++";
				CLANG_ENABLE_MODULES = YES;
				CLANG_ENABLE_OBJC_ARC = YES;
				CLANG_ENABLE_OBJC_WEAK = YES;
				CLANG_WARN_BLOCK_CAPTURE_AUTORELEASING = YES;
				CLANG_WARN_BOOL_CONVERSION = YES;
				CLANG_WARN_COMMA = YES;
				CLANG_WARN_CONSTANT_CONVERSION = YES;
				CLANG_WARN_DEPRECATED_OBJC_IMPLEMENTATIONS = YES;
				CLANG_WARN_DIRECT_OBJC_ISA_USAGE = YES_ERROR;
				CLANG_WARN_DOCUMENTATION_COMMENTS = YES;
				CLANG_WARN_EMPTY_BODY = YES;
				CLANG_WARN_ENUM_CONVERSION = YES;
				CLANG_WARN_INFINITE_RECURSION = YES;
				CLANG_WARN_INT_CONVERSION = YES;
				CLANG_WARN_NON_LITERAL_NULL_CONVERSION = YES;
				CLANG_WARN_OBJC_IMPLICIT_RETAIN_SELF = YES;
				CLANG_WARN_OBJC_LITERAL_CONVERSION = YES;
				CLANG_WARN_OBJC_ROOT_CLASS = YES_ERROR;
				CLANG_WARN_RANGE_LOOP_ANALYSIS = YES;
				CLANG_WARN_STRICT_PROTOTYPES = YES;
				CLANG_WARN_SUSPICIOUS_MOVE = YES;
				CLANG_WARN_UNGUARDED_AVAILABILITY = YES_AGGRESSIVE;
				CLANG_WARN_UNREACHABLE_CODE = YES;
				CLANG_WARN__DUPLICATE_METHOD_MATCH = YES;
				CODE_SIGN_IDENTITY = "iPhone Developer";
				COPY_PHASE_STRIP = NO;
				DEBUG_INFORMATION_FORMAT = "dwarf-with-dsym";
				ENABLE_NS_ASSERTIONS = NO;
				ENABLE_STRICT_OBJC_MSGSEND = YES;
				GCC_C_LANGUAGE_STANDARD = gnu11;
				GCC_NO_COMMON_BLOCKS = YES;
				GCC_WARN_64_TO_32_BIT_CONVERSION = YES;
				GCC_WARN_ABOUT_RETURN_TYPE = YES_ERROR;
				GCC_WARN_UNDECLARED_SELECTOR = YES;
				GCC_WARN_UNINITIALIZED_AUTOS = YES_AGGRESSIVE;
				GCC_WARN_UNUSED_FUNCTION = YES;
				GCC_WARN_UNUSED_VARIABLE = YES;
				IPHONEOS_DEPLOYMENT_TARGET = 12.2;
				MTL_ENABLE_DEBUG_INFO = NO;
				MTL_FAST_MATH = YES;
				SDKROOT = iphoneos;
				SWIFT_COMPILATION_MODE = wholemodule;
				SWIFT_OPTIMIZATION_LEVEL = "-O";
				VALIDATE_PRODUCT = YES;
			};
			name = Release;
		};
		AFC972CD22AE89DB006BE3DB /* Debug */ = {
			isa = XCBuildConfiguration;
			baseConfigurationReference = E75BEAD154E232A338E70DF7 /* Pods-WeatherZone.debug.xcconfig */;
			buildSettings = {
				ASSETCATALOG_COMPILER_APPICON_NAME = AppIcon;
				CODE_SIGN_STYLE = Automatic;
				DEVELOPMENT_TEAM = 8K9W8TZ624;
				INFOPLIST_FILE = WeatherZone/Info.plist;
				LD_RUNPATH_SEARCH_PATHS = (
					"$(inherited)",
					"@executable_path/Frameworks",
				);
				PRODUCT_BUNDLE_IDENTIFIER = Nischalhada.WeatherZone;
				PRODUCT_NAME = "$(TARGET_NAME)";
				SWIFT_VERSION = 5.0;
				TARGETED_DEVICE_FAMILY = "1,2";
			};
			name = Debug;
		};
		AFC972CE22AE89DB006BE3DB /* Release */ = {
			isa = XCBuildConfiguration;
			baseConfigurationReference = 78152DA04D30F036A845E333 /* Pods-WeatherZone.release.xcconfig */;
			buildSettings = {
				ASSETCATALOG_COMPILER_APPICON_NAME = AppIcon;
				CODE_SIGN_STYLE = Automatic;
				DEVELOPMENT_TEAM = 8K9W8TZ624;
				INFOPLIST_FILE = WeatherZone/Info.plist;
				LD_RUNPATH_SEARCH_PATHS = (
					"$(inherited)",
					"@executable_path/Frameworks",
				);
				PRODUCT_BUNDLE_IDENTIFIER = Nischalhada.WeatherZone;
				PRODUCT_NAME = "$(TARGET_NAME)";
				SWIFT_VERSION = 5.0;
				TARGETED_DEVICE_FAMILY = "1,2";
			};
			name = Release;
		};
		AFC972D022AE89DB006BE3DB /* Debug */ = {
			isa = XCBuildConfiguration;
			baseConfigurationReference = 54E5FDE8B93DCB8BEF10E299 /* Pods-WeatherZoneTests.debug.xcconfig */;
			buildSettings = {
				ALWAYS_EMBED_SWIFT_STANDARD_LIBRARIES = "$(inherited)";
				BUNDLE_LOADER = "$(TEST_HOST)";
				CODE_SIGN_STYLE = Automatic;
				DEVELOPMENT_TEAM = 8K9W8TZ624;
				INFOPLIST_FILE = WeatherZoneTests/Info.plist;
				LD_RUNPATH_SEARCH_PATHS = (
					"$(inherited)",
					"@executable_path/Frameworks",
					"@loader_path/Frameworks",
				);
				PRODUCT_BUNDLE_IDENTIFIER = Nischalhada.WeatherZoneTests;
				PRODUCT_NAME = "$(TARGET_NAME)";
				SWIFT_VERSION = 5.0;
				TARGETED_DEVICE_FAMILY = "1,2";
				TEST_HOST = "$(BUILT_PRODUCTS_DIR)/WeatherZone.app/WeatherZone";
			};
			name = Debug;
		};
		AFC972D122AE89DB006BE3DB /* Release */ = {
			isa = XCBuildConfiguration;
			baseConfigurationReference = 5A5EFE70FBAF5C79A44BA6A5 /* Pods-WeatherZoneTests.release.xcconfig */;
			buildSettings = {
				ALWAYS_EMBED_SWIFT_STANDARD_LIBRARIES = "$(inherited)";
				BUNDLE_LOADER = "$(TEST_HOST)";
				CODE_SIGN_STYLE = Automatic;
				DEVELOPMENT_TEAM = 8K9W8TZ624;
				INFOPLIST_FILE = WeatherZoneTests/Info.plist;
				LD_RUNPATH_SEARCH_PATHS = (
					"$(inherited)",
					"@executable_path/Frameworks",
					"@loader_path/Frameworks",
				);
				PRODUCT_BUNDLE_IDENTIFIER = Nischalhada.WeatherZoneTests;
				PRODUCT_NAME = "$(TARGET_NAME)";
				SWIFT_VERSION = 5.0;
				TARGETED_DEVICE_FAMILY = "1,2";
				TEST_HOST = "$(BUILT_PRODUCTS_DIR)/WeatherZone.app/WeatherZone";
			};
			name = Release;
		};
		AFC972D322AE89DB006BE3DB /* Debug */ = {
			isa = XCBuildConfiguration;
			baseConfigurationReference = CCB4C67349599AB7BB29E9D1 /* Pods-WeatherZoneUITests.debug.xcconfig */;
			buildSettings = {
				ALWAYS_EMBED_SWIFT_STANDARD_LIBRARIES = "$(inherited)";
				CODE_SIGN_STYLE = Automatic;
				DEVELOPMENT_TEAM = 8K9W8TZ624;
				INFOPLIST_FILE = WeatherZoneUITests/Info.plist;
				LD_RUNPATH_SEARCH_PATHS = (
					"$(inherited)",
					"@executable_path/Frameworks",
					"@loader_path/Frameworks",
				);
				PRODUCT_BUNDLE_IDENTIFIER = Nischalhada.WeatherZoneUITests;
				PRODUCT_NAME = "$(TARGET_NAME)";
				SWIFT_VERSION = 5.0;
				TARGETED_DEVICE_FAMILY = "1,2";
				TEST_TARGET_NAME = WeatherZone;
			};
			name = Debug;
		};
		AFC972D422AE89DB006BE3DB /* Release */ = {
			isa = XCBuildConfiguration;
			baseConfigurationReference = F9662BBD6295CA72EBC93D5E /* Pods-WeatherZoneUITests.release.xcconfig */;
			buildSettings = {
				ALWAYS_EMBED_SWIFT_STANDARD_LIBRARIES = "$(inherited)";
				CODE_SIGN_STYLE = Automatic;
				DEVELOPMENT_TEAM = 8K9W8TZ624;
				INFOPLIST_FILE = WeatherZoneUITests/Info.plist;
				LD_RUNPATH_SEARCH_PATHS = (
					"$(inherited)",
					"@executable_path/Frameworks",
					"@loader_path/Frameworks",
				);
				PRODUCT_BUNDLE_IDENTIFIER = Nischalhada.WeatherZoneUITests;
				PRODUCT_NAME = "$(TARGET_NAME)";
				SWIFT_VERSION = 5.0;
				TARGETED_DEVICE_FAMILY = "1,2";
				TEST_TARGET_NAME = WeatherZone;
			};
			name = Release;
		};
/* End XCBuildConfiguration section */

/* Begin XCConfigurationList section */
		AFC9729C22AE89D9006BE3DB /* Build configuration list for PBXProject "WeatherZone" */ = {
			isa = XCConfigurationList;
			buildConfigurations = (
				AFC972CA22AE89DB006BE3DB /* Debug */,
				AFC972CB22AE89DB006BE3DB /* Release */,
			);
			defaultConfigurationIsVisible = 0;
			defaultConfigurationName = Release;
		};
		AFC972CC22AE89DB006BE3DB /* Build configuration list for PBXNativeTarget "WeatherZone" */ = {
			isa = XCConfigurationList;
			buildConfigurations = (
				AFC972CD22AE89DB006BE3DB /* Debug */,
				AFC972CE22AE89DB006BE3DB /* Release */,
			);
			defaultConfigurationIsVisible = 0;
			defaultConfigurationName = Release;
		};
		AFC972CF22AE89DB006BE3DB /* Build configuration list for PBXNativeTarget "WeatherZoneTests" */ = {
			isa = XCConfigurationList;
			buildConfigurations = (
				AFC972D022AE89DB006BE3DB /* Debug */,
				AFC972D122AE89DB006BE3DB /* Release */,
			);
			defaultConfigurationIsVisible = 0;
			defaultConfigurationName = Release;
		};
		AFC972D222AE89DB006BE3DB /* Build configuration list for PBXNativeTarget "WeatherZoneUITests" */ = {
			isa = XCConfigurationList;
			buildConfigurations = (
				AFC972D322AE89DB006BE3DB /* Debug */,
				AFC972D422AE89DB006BE3DB /* Release */,
			);
			defaultConfigurationIsVisible = 0;
			defaultConfigurationName = Release;
		};
/* End XCConfigurationList section */

/* Begin XCVersionGroup section */
		AFC972AB22AE89D9006BE3DB /* WeatherZone.xcdatamodeld */ = {
			isa = XCVersionGroup;
			children = (
				AFC972AC22AE89D9006BE3DB /* WeatherZone.xcdatamodel */,
			);
			currentVersion = AFC972AC22AE89D9006BE3DB /* WeatherZone.xcdatamodel */;
			path = WeatherZone.xcdatamodeld;
			sourceTree = "<group>";
			versionGroupType = wrapper.xcdatamodel;
		};
/* End XCVersionGroup section */
	};
	rootObject = AFC9729922AE89D9006BE3DB /* Project object */;
}
