PODS:
  - Cuckoo (1.0.6)
  - Kingfisher (5.13.0):
    - Kingfisher/Core (= 5.13.0)
  - Kingfisher/Core (5.13.0)
  - lottie-ios (3.1.5)
  - Nimble (8.0.5)
  - PKHUD (5.3.0)
  - Quick (2.1.0)
  - RxBlocking (5.0.1):
    - RxSwift (~> 5)
  - RxCocoa (5.0.1):
    - RxRelay (~> 5)
    - RxSwift (~> 5)
  - RxRelay (5.0.1):
    - RxSwift (~> 5)
  - RxSwift (5.0.1)
  - RxTest (5.0.1):
    - RxSwift (~> 5)
  - SkyFloatingLabelTextField (3.8.0)
  - SwiftGen (6.1.0)
  - SwiftLint (0.38.2)
  - SwiftRichString (3.6.1)

DEPENDENCIES:
  - Cuckoo (~> 1.0.6)
  - Kingfisher (~> 5.13.0)
  - lottie-ios (~> 3.1.5)
  - Nimble (~> 8)
  - PKHUD (~> 5.0)
  - Quick (~> 2.1.0)
  - RxBlocking (~> 5.0)
  - RxCocoa (~> 5)
  - RxSwift (~> 5)
  - RxTest (~> 5.0)
  - SkyFloatingLabelTextField (~> 3.8)
  - SwiftGen (~> 6.0)
  - SwiftLint
  - SwiftRichString

SPEC REPOS:
  trunk:
    - Cuckoo
    - Kingfisher
    - lottie-ios
    - Nimble
    - PKHUD
    - Quick
    - RxBlocking
    - RxCocoa
    - RxRelay
    - RxSwift
    - RxTest
    - SkyFloatingLabelTextField
    - SwiftGen
    - SwiftLint
    - SwiftRichString

SPEC CHECKSUMS:
  Cuckoo: 8074fc309159c4862665b83798f5ad03e061e8bd
  Kingfisher: 0d334cada987fcddbe9b5cec516406e1ee9d4748
  lottie-ios: 32bf84389337d86fbc8b12266e88452e0abf1dee
  Nimble: 4ab1aeb9b45553c75b9687196b0fa0713170a332
  PKHUD: 98f3e4bc904b9c916f1c5bb6d765365b5357291b
  Quick: 4be43f6634acfa727dd106bdf3929ce125ffa79d
  RxBlocking: c5e090f42d046df8b0e7752742510f349963710f
  RxCocoa: e741b9749968e8a143e2b787f1dfbff2b63d0a5c
  RxRelay: 89d54507f4fd4d969e6ec1d4bd7f3673640b4640
  RxSwift: e2dc62b366a3adf6a0be44ba9f405efd4c94e0c4
  RxTest: 0132f952a61da82d5233abedaa559df91e5330e5
  SkyFloatingLabelTextField: 5a338412114808e961fe2d14ea2c5452c8b6e4aa
  SwiftGen: f872ca75cbd17bf7103c17f13dcfa0d9a15667b0
  SwiftLint: 8f5d2f903e1c9bcbc832fd16771e80a263ac6cbb
  SwiftRichString: f649547c3c18f1dc271dfe398cb9b7c498d5da50

PODFILE CHECKSUM: 729ab9d92c3bb835bad8cd8d2ddf1298a9483f17

COCOAPODS: 1.8.4
